// !$*UTF8*$!
{
	archiveVersion = 1;
	classes = {
	};
	objectVersion = 50;
	objects = {

/* Begin PBXBuildFile section */
		D32E31C523FECC1000A1211A /* AppDelegate.swift in Sources */ = {isa = PBXBuildFile; fileRef = D32E31C423FECC1000A1211A /* AppDelegate.swift */; };
		D32E31C723FECC1000A1211A /* SceneDelegate.swift in Sources */ = {isa = PBXBuildFile; fileRef = D32E31C623FECC1000A1211A /* SceneDelegate.swift */; };
		D32E31C923FECC1000A1211A /* ContentView.swift in Sources */ = {isa = PBXBuildFile; fileRef = D32E31C823FECC1000A1211A /* ContentView.swift */; };
		D32E31CB23FECC1000A1211A /* Assets.xcassets in Resources */ = {isa = PBXBuildFile; fileRef = D32E31CA23FECC1000A1211A /* Assets.xcassets */; };
		D32E31CE23FECC1000A1211A /* Preview Assets.xcassets in Resources */ = {isa = PBXBuildFile; fileRef = D32E31CD23FECC1000A1211A /* Preview Assets.xcassets */; };
		D32E31D123FECC1000A1211A /* LaunchScreen.storyboard in Resources */ = {isa = PBXBuildFile; fileRef = D32E31CF23FECC1000A1211A /* LaunchScreen.storyboard */; };
/* End PBXBuildFile section */

/* Begin PBXFileReference section */
		D32E31C123FECC1000A1211A /* TextFieldSample.app */ = {isa = PBXFileReference; explicitFileType = wrapper.application; includeInIndex = 0; path = TextFieldSample.app; sourceTree = BUILT_PRODUCTS_DIR; };
		D32E31C423FECC1000A1211A /* AppDelegate.swift */ = {isa = PBXFileReference; lastKnownFileType = sourcecode.swift; path = AppDelegate.swift; sourceTree = "<group>"; };
		D32E31C623FECC1000A1211A /* SceneDelegate.swift */ = {isa = PBXFileReference; lastKnownFileType = sourcecode.swift; path = SceneDelegate.swift; sourceTree = "<group>"; };
		D32E31C823FECC1000A1211A /* ContentView.swift */ = {isa = PBXFileReference; lastKnownFileType = sourcecode.swift; path = ContentView.swift; sourceTree = "<group>"; };
		D32E31CA23FECC1000A1211A /* Assets.xcassets */ = {isa = PBXFileReference; lastKnownFileType = folder.assetcatalog; path = Assets.xcassets; sourceTree = "<group>"; };
		D32E31CD23FECC1000A1211A /* Preview Assets.xcassets */ = {isa = PBXFileReference; lastKnownFileType = folder.assetcatalog; path = "Preview Assets.xcassets"; sourceTree = "<group>"; };
		D32E31D023FECC1000A1211A /* Base */ = {isa = PBXFileReference; lastKnownFileType = file.storyboard; name = Base; path = Base.lproj/LaunchScreen.storyboard; sourceTree = "<group>"; };
		D32E31D223FECC1000A1211A /* Info.plist */ = {isa = PBXFileReference; lastKnownFileType = text.plist.xml; path = Info.plist; sourceTree = "<group>"; };
/* End PBXFileReference section */

/* Begin PBXFrameworksBuildPhase section */
		D32E31BE23FECC1000A1211A /* Frameworks */ = {
			isa = PBXFrameworksBuildPhase;
			buildActionMask = 2147483647;
			files = (
			);
			runOnlyForDeploymentPostprocessing = 0;
		};
/* End PBXFrameworksBuildPhase section */

/* Begin PBXGroup section */
		D32E31B823FECC1000A1211A = {
			isa = PBXGroup;
			children = (
				D32E31C323FECC1000A1211A /* TextFieldSample */,
				D32E31C223FECC1000A1211A /* Products */,
			);
			sourceTree = "<group>";
		};
		D32E31C223FECC1000A1211A /* Products */ = {
			isa = PBXGroup;
			children = (
				D32E31C123FECC1000A1211A /* TextFieldSample.app */,
			);
			name = Products;
			sourceTree = "<group>";
		};
		D32E31C323FECC1000A1211A /* TextFieldSample */ = {
			isa = PBXGroup;
			children = (
				D32E31C423FECC1000A1211A /* AppDelegate.swift */,
				D32E31C623FECC1000A1211A /* SceneDelegate.swift */,
				D32E31C823FECC1000A1211A /* ContentView.swift */,
				D32E31CA23FECC1000A1211A /* Assets.xcassets */,
				D32E31CF23FECC1000A1211A /* LaunchScreen.storyboard */,
				D32E31D223FECC1000A1211A /* Info.plist */,
				D32E31CC23FECC1000A1211A /* Preview Content */,
			);
			path = TextFieldSample;
			sourceTree = "<group>";
		};
		D32E31CC23FECC1000A1211A /* Preview Content */ = {
			isa = PBXGroup;
			children = (
				D32E31CD23FECC1000A1211A /* Preview Assets.xcassets */,
			);
			path = "Preview Content";
			sourceTree = "<group>";
		};
/* End PBXGroup section */

/* Begin PBXNativeTarget section */
		D32E31C023FECC1000A1211A /* TextFieldSample */ = {
			isa = PBXNativeTarget;
			buildConfigurationList = D32E31D523FECC1000A1211A /* Build configuration list for PBXNativeTarget "TextFieldSample" */;
			buildPhases = (
				D32E31BD23FECC1000A1211A /* Sources */,
				D32E31BE23FECC1000A1211A /* Frameworks */,
				D32E31BF23FECC1000A1211A /* Resources */,
			);
			buildRules = (
			);
			dependencies = (
			);
			name = TextFieldSample;
			productName = TextFieldSample;
			productReference = D32E31C123FECC1000A1211A /* TextFieldSample.app */;
			productType = "com.apple.product-type.application";
		};
/* End PBXNativeTarget section */

/* Begin PBXProject section */
		D32E31B923FECC1000A1211A /* Project object */ = {
			isa = PBXProject;
			attributes = {
				LastSwiftUpdateCheck = 1130;
				LastUpgradeCheck = 1130;
				ORGANIZATIONNAME = "Ju Young Jung";
				TargetAttributes = {
					D32E31C023FECC1000A1211A = {
						CreatedOnToolsVersion = 11.3.1;
					};
				};
			};
			buildConfigurationList = D32E31BC23FECC1000A1211A /* Build configuration list for PBXProject "TextFieldSample" */;
			compatibilityVersion = "Xcode 9.3";
			developmentRegion = en;
			hasScannedForEncodings = 0;
			knownRegions = (
				en,
				Base,
			);
			mainGroup = D32E31B823FECC1000A1211A;
			productRefGroup = D32E31C223FECC1000A1211A /* Products */;
			projectDirPath = "";
			projectRoot = "";
			targets = (
				D32E31C023FECC1000A1211A /* TextFieldSample */,
			);
		};
/* End PBXProject section */

/* Begin PBXResourcesBuildPhase section */
		D32E31BF23FECC1000A1211A /* Resources */ = {
			isa = PBXResourcesBuildPhase;
			buildActionMask = 2147483647;
			files = (
				D32E31D123FECC1000A1211A /* LaunchScreen.storyboard in Resources */,
				D32E31CE23FECC1000A1211A /* Preview Assets.xcassets in Resources */,
				D32E31CB23FECC1000A1211A /* Assets.xcassets in Resources */,
			);
			runOnlyForDeploymentPostprocessing = 0;
		};
/* End PBXResourcesBuildPhase section */

/* Begin PBXSourcesBuildPhase section */
		D32E31BD23FECC1000A1211A /* Sources */ = {
			isa = PBXSourcesBuildPhase;
			buildActionMask = 2147483647;
			files = (
				D32E31C523FECC1000A1211A /* AppDelegate.swift in Sources */,
				D32E31C723FECC1000A1211A /* SceneDelegate.swift in Sources */,
				D32E31C923FECC1000A1211A /* ContentView.swift in Sources */,
			);
			runOnlyForDeploymentPostprocessing = 0;
		};
/* End PBXSourcesBuildPhase section */

/* Begin PBXVariantGroup section */
		D32E31CF23FECC1000A1211A /* LaunchScreen.storyboard */ = {
			isa = PBXVariantGroup;
			children = (
				D32E31D023FECC1000A1211A /* Base */,
			);
			name = LaunchScreen.storyboard;
			sourceTree = "<group>";
		};
/* End PBXVariantGroup section */

/* Begin XCBuildConfiguration section */
		D32E31D323FECC1000A1211A /* Debug */ = {
			isa = XCBuildConfiguration;
			buildSettings = {
				ALWAYS_SEARCH_USER_PATHS = NO;
				CLANG_ANALYZER_NONNULL = YES;
				CLANG_ANALYZER_NUMBER_OBJECT_CONVERSION = YES_AGGRESSIVE;
				CLANG_CXX_LANGUAGE_STANDARD = "gnu++14";
				CLANG_CXX_LIBRARY = "libc++";
				CLANG_ENABLE_MODULES = YES;
				CLANG_ENABLE_OBJC_ARC = YES;
				CLANG_ENABLE_OBJC_WEAK = YES;
				CLANG_WARN_BLOCK_CAPTURE_AUTORELEASING = YES;
				CLANG_WARN_BOOL_CONVERSION = YES;
				CLANG_WARN_COMMA = YES;
				CLANG_WARN_CONSTANT_CONVERSION = YES;
				CLANG_WARN_DEPRECATED_OBJC_IMPLEMENTATIONS = YES;
				CLANG_WARN_DIRECT_OBJC_ISA_USAGE = YES_ERROR;
				CLANG_WARN_DOCUMENTATION_COMMENTS = YES;
				CLANG_WARN_EMPTY_BODY = YES;
				CLANG_WARN_ENUM_CONVERSION = YES;
				CLANG_WARN_INFINITE_RECURSION = YES;
				CLANG_WARN_INT_CONVERSION = YES;
				CLANG_WARN_NON_LITERAL_NULL_CONVERSION = YES;
				CLANG_WARN_OBJC_IMPLICIT_RETAIN_SELF = YES;
				CLANG_WARN_OBJC_LITERAL_CONVERSION = YES;
				CLANG_WARN_OBJC_ROOT_CLASS = YES_ERROR;
				CLANG_WARN_RANGE_LOOP_ANALYSIS = YES;
				CLANG_WARN_STRICT_PROTOTYPES = YES;
				CLANG_WARN_SUSPICIOUS_MOVE = YES;
				CLANG_WARN_UNGUARDED_AVAILABILITY = YES_AGGRESSIVE;
				CLANG_WARN_UNREACHABLE_CODE = YES;
				CLANG_WARN__DUPLICATE_METHOD_MATCH = YES;
				COPY_PHASE_STRIP = NO;
				DEBUG_INFORMATION_FORMAT = dwarf;
				ENABLE_STRICT_OBJC_MSGSEND = YES;
				ENABLE_TESTABILITY = YES;
				GCC_C_LANGUAGE_STANDARD = gnu11;
				GCC_DYNAMIC_NO_PIC = NO;
				GCC_NO_COMMON_BLOCKS = YES;
				GCC_OPTIMIZATION_LEVEL = 0;
				GCC_PREPROCESSOR_DEFINITIONS = (
					"DEBUG=1",
					"$(inherited)",
				);
				GCC_WARN_64_TO_32_BIT_CONVERSION = YES;
				GCC_WARN_ABOUT_RETURN_TYPE = YES_ERROR;
				GCC_WARN_UNDECLARED_SELECTOR = YES;
				GCC_WARN_UNINITIALIZED_AUTOS = YES_AGGRESSIVE;
				GCC_WARN_UNUSED_FUNCTION = YES;
				GCC_WARN_UNUSED_VARIABLE = YES;
				IPHONEOS_DEPLOYMENT_TARGET = 13.2;
				MTL_ENABLE_DEBUG_INFO = INCLUDE_SOURCE;
				MTL_FAST_MATH = YES;
				ONLY_ACTIVE_ARCH = YES;
				SDKROOT = iphoneos;
				SWIFT_ACTIVE_COMPILATION_CONDITIONS = DEBUG;
				SWIFT_OPTIMIZATION_LEVEL = "-Onone";
			};
			name = Debug;
		};
		D32E31D423FECC1000A1211A /* Release */ = {
			isa = XCBuildConfiguration;
			buildSettings = {
				ALWAYS_SEARCH_USER_PATHS = NO;
				CLANG_ANALYZER_NONNULL = YES;
				CLANG_ANALYZER_NUMBER_OBJECT_CONVERSION = YES_AGGRESSIVE;
				CLANG_CXX_LANGUAGE_STANDARD = "gnu++14";
				CLANG_CXX_LIBRARY = "libc++";
				CLANG_ENABLE_MODULES = YES;
				CLANG_ENABLE_OBJC_ARC = YES;
				CLANG_ENABLE_OBJC_WEAK = YES;
				CLANG_WARN_BLOCK_CAPTURE_AUTORELEASING = YES;
				CLANG_WARN_BOOL_CONVERSION = YES;
				CLANG_WARN_COMMA = YES;
				CLANG_WARN_CONSTANT_CONVERSION = YES;
				CLANG_WARN_DEPRECATED_OBJC_IMPLEMENTATIONS = YES;
				CLANG_WARN_DIRECT_OBJC_ISA_USAGE = YES_ERROR;
				CLANG_WARN_DOCUMENTATION_COMMENTS = YES;
				CLANG_WARN_EMPTY_BODY = YES;
				CLANG_WARN_ENUM_CONVERSION = YES;
				CLANG_WARN_INFINITE_RECURSION = YES;
				CLANG_WARN_INT_CONVERSION = YES;
				CLANG_WARN_NON_LITERAL_NULL_CONVERSION = YES;
				CLANG_WARN_OBJC_IMPLICIT_RETAIN_SELF = YES;
				CLANG_WARN_OBJC_LITERAL_CONVERSION = YES;
				CLANG_WARN_OBJC_ROOT_CLASS = YES_ERROR;
				CLANG_WARN_RANGE_LOOP_ANALYSIS = YES;
				CLANG_WARN_STRICT_PROTOTYPES = YES;
				CLANG_WARN_SUSPICIOUS_MOVE = YES;
				CLANG_WARN_UNGUARDED_AVAILABILITY = YES_AGGRESSIVE;
				CLANG_WARN_UNREACHABLE_CODE = YES;
				CLANG_WARN__DUPLICATE_METHOD_MATCH = YES;
				COPY_PHASE_STRIP = NO;
				DEBUG_INFORMATION_FORMAT = "dwarf-with-dsym";
				ENABLE_NS_ASSERTIONS = NO;
				ENABLE_STRICT_OBJC_MSGSEND = YES;
				GCC_C_LANGUAGE_STANDARD = gnu11;
				GCC_NO_COMMON_BLOCKS = YES;
				GCC_WARN_64_TO_32_BIT_CONVERSION = YES;
				GCC_WARN_ABOUT_RETURN_TYPE = YES_ERROR;
				GCC_WARN_UNDECLARED_SELECTOR = YES;
				GCC_WARN_UNINITIALIZED_AUTOS = YES_AGGRESSIVE;
				GCC_WARN_UNUSED_FUNCTION = YES;
				GCC_WARN_UNUSED_VARIABLE = YES;
				IPHONEOS_DEPLOYMENT_TARGET = 13.2;
				MTL_ENABLE_DEBUG_INFO = NO;
				MTL_FAST_MATH = YES;
				SDKROOT = iphoneos;
				SWIFT_COMPILATION_MODE = wholemodule;
				SWIFT_OPTIMIZATION_LEVEL = "-O";
				VALIDATE_PRODUCT = YES;
			};
			name = Release;
		};
		D32E31D623FECC1000A1211A /* Debug */ = {
			isa = XCBuildConfiguration;
			buildSettings = {
				ASSETCATALOG_COMPILER_APPICON_NAME = AppIcon;
				CODE_SIGN_STYLE = Automatic;
				DEVELOPMENT_ASSET_PATHS = "\"TextFieldSample/Preview Content\"";
				DEVELOPMENT_TEAM = GLLF8U86V2;
				ENABLE_PREVIEWS = YES;
				INFOPLIST_FILE = TextFieldSample/Info.plist;
				LD_RUNPATH_SEARCH_PATHS = (
					"$(inherited)",
					"@executable_path/Frameworks",
				);
				PRODUCT_BUNDLE_IDENTIFIER = com.sample.TextFieldSample;
				PRODUCT_NAME = "$(TARGET_NAME)";
				SWIFT_VERSION = 5.0;
				TARGETED_DEVICE_FAMILY = "1,2";
			};
			name = Debug;
		};
		D32E31D723FECC1000A1211A /* Release */ = {
			isa = XCBuildConfiguration;
			buildSettings = {
				ASSETCATALOG_COMPILER_APPICON_NAME = AppIcon;
				CODE_SIGN_STYLE = Automatic;
				DEVELOPMENT_ASSET_PATHS = "\"TextFieldSample/Preview Content\"";
				DEVELOPMENT_TEAM = GLLF8U86V2;
				ENABLE_PREVIEWS = YES;
				INFOPLIST_FILE = TextFieldSample/Info.plist;
				LD_RUNPATH_SEARCH_PATHS = (
					"$(inherited)",
					"@executable_path/Frameworks",
				);
				PRODUCT_BUNDLE_IDENTIFIER = com.sample.TextFieldSample;
				PRODUCT_NAME = "$(TARGET_NAME)";
				SWIFT_VERSION = 5.0;
				TARGETED_DEVICE_FAMILY = "1,2";
			};
			name = Release;
		};
/* End XCBuildConfiguration section */

/* Begin XCConfigurationList section */
		D32E31BC23FECC1000A1211A /* Build configuration list for PBXProject "TextFieldSample" */ = {
			isa = XCConfigurationList;
			buildConfigurations = (
				D32E31D323FECC1000A1211A /* Debug */,
				D32E31D423FECC1000A1211A /* Release */,
			);
			defaultConfigurationIsVisible = 0;
			defaultConfigurationName = Release;
		};
		D32E31D523FECC1000A1211A /* Build configuration list for PBXNativeTarget "TextFieldSample" */ = {
			isa = XCConfigurationList;
			buildConfigurations = (
				D32E31D623FECC1000A1211A /* Debug */,
				D32E31D723FECC1000A1211A /* Release */,
			);
			defaultConfigurationIsVisible = 0;
			defaultConfigurationName = Release;
		};
/* End XCConfigurationList section */
	};
	rootObject = D32E31B923FECC1000A1211A /* Project object */;
}
